
Microsoft Visual Studio Solution File, Format Version 12.00
# Visual Studio Version 17
VisualStudioVersion = 17.4.33110.190
MinimumVisualStudioVersion = 10.0.40219.1
Project("{FAE04EC0-301F-11D3-BF4B-00C04F79EFBC}") = "text_readline", "text_readline\text_readline.csproj", "{B39E09F4-6CD3-42E0-ABF1-674FAEAD21A7}"
EndProject
Global
	GlobalSection(SolutionConfigurationPlatforms) = preSolution
		Debug|Any CPU = Debug|Any CPU
		Release|Any CPU = Release|Any CPU
	EndGlobalSection
	GlobalSection(ProjectConfigurationPlatforms) = postSolution
		{B39E09F4-6CD3-42E0-ABF1-674FAEAD21A7}.Debug|Any CPU.ActiveCfg = Debug|Any CPU
		{B39E09F4-6CD3-42E0-ABF1-674FAEAD21A7}.Debug|Any CPU.Build.0 = Debug|Any CPU
		{B39E09F4-6CD3-42E0-ABF1-674FAEAD21A7}.Release|Any CPU.ActiveCfg = Release|Any CPU
		{B39E09F4-6CD3-42E0-ABF1-674FAEAD21A7}.Release|Any CPU.Build.0 = Release|Any CPU
	EndGlobalSection
	GlobalSection(SolutionProperties) = preSolution
		HideSolutionNode = FALSE
	EndGlobalSection
	GlobalSection(ExtensibilityGlobals) = postSolution
		SolutionGuid = {401B3301-6706-4967-98E3-C278DDBA362C}
	EndGlobalSection
EndGlobal
