
Microsoft Visual Studio Solution File, Format Version 12.00
# Visual Studio Version 16
VisualStudioVersion = 16.0.33130.400
MinimumVisualStudioVersion = 10.0.40219.1
Project("{FAE04EC0-301F-11D3-BF4B-00C04F79EFBC}") = "WebApplication17", "WebApplication17\WebApplication17.csproj", "{B992A5D4-2719-469E-90E5-44F14ADB8C54}"
EndProject
Global
	GlobalSection(SolutionConfigurationPlatforms) = preSolution
		Debug|Any CPU = Debug|Any CPU
		Release|Any CPU = Release|Any CPU
	EndGlobalSection
	GlobalSection(ProjectConfigurationPlatforms) = postSolution
		{B992A5D4-2719-469E-90E5-44F14ADB8C54}.Debug|Any CPU.ActiveCfg = Debug|Any CPU
		{B992A5D4-2719-469E-90E5-44F14ADB8C54}.Debug|Any CPU.Build.0 = Debug|Any CPU
		{B992A5D4-2719-469E-90E5-44F14ADB8C54}.Release|Any CPU.ActiveCfg = Release|Any CPU
		{B992A5D4-2719-469E-90E5-44F14ADB8C54}.Release|Any CPU.Build.0 = Release|Any CPU
	EndGlobalSection
	GlobalSection(SolutionProperties) = preSolution
		HideSolutionNode = FALSE
	EndGlobalSection
	GlobalSection(ExtensibilityGlobals) = postSolution
		SolutionGuid = {C28CCF20-ADD9-43B6-9B70-2FF3347E83BC}
	EndGlobalSection
EndGlobal
