
Microsoft Visual Studio Solution File, Format Version 12.00
# Visual Studio Version 17
VisualStudioVersion = 17.4.33110.190
MinimumVisualStudioVersion = 10.0.40219.1
Project("{FAE04EC0-301F-11D3-BF4B-00C04F79EFBC}") = "delegates", "delegates\delegates.csproj", "{02913EDD-103C-42FF-BEF3-7DF5626ACAFF}"
EndProject
Global
	GlobalSection(SolutionConfigurationPlatforms) = preSolution
		Debug|Any CPU = Debug|Any CPU
		Release|Any CPU = Release|Any CPU
	EndGlobalSection
	GlobalSection(ProjectConfigurationPlatforms) = postSolution
		{02913EDD-103C-42FF-BEF3-7DF5626ACAFF}.Debug|Any CPU.ActiveCfg = Debug|Any CPU
		{02913EDD-103C-42FF-BEF3-7DF5626ACAFF}.Debug|Any CPU.Build.0 = Debug|Any CPU
		{02913EDD-103C-42FF-BEF3-7DF5626ACAFF}.Release|Any CPU.ActiveCfg = Release|Any CPU
		{02913EDD-103C-42FF-BEF3-7DF5626ACAFF}.Release|Any CPU.Build.0 = Release|Any CPU
	EndGlobalSection
	GlobalSection(SolutionProperties) = preSolution
		HideSolutionNode = FALSE
	EndGlobalSection
	GlobalSection(ExtensibilityGlobals) = postSolution
		SolutionGuid = {D2AA1539-0614-4B2C-BC4E-304FD67BF8D9}
	EndGlobalSection
EndGlobal
