
Microsoft Visual Studio Solution File, Format Version 12.00
# Visual Studio Version 17
VisualStudioVersion = 17.4.33110.190
MinimumVisualStudioVersion = 10.0.40219.1
Project("{FAE04EC0-301F-11D3-BF4B-00C04F79EFBC}") = "practice_single_inher", "practice_single_inher\practice_single_inher.csproj", "{D90BBE39-2DC8-4116-AF4F-48121037F294}"
EndProject
Global
	GlobalSection(SolutionConfigurationPlatforms) = preSolution
		Debug|Any CPU = Debug|Any CPU
		Release|Any CPU = Release|Any CPU
	EndGlobalSection
	GlobalSection(ProjectConfigurationPlatforms) = postSolution
		{D90BBE39-2DC8-4116-AF4F-48121037F294}.Debug|Any CPU.ActiveCfg = Debug|Any CPU
		{D90BBE39-2DC8-4116-AF4F-48121037F294}.Debug|Any CPU.Build.0 = Debug|Any CPU
		{D90BBE39-2DC8-4116-AF4F-48121037F294}.Release|Any CPU.ActiveCfg = Release|Any CPU
		{D90BBE39-2DC8-4116-AF4F-48121037F294}.Release|Any CPU.Build.0 = Release|Any CPU
	EndGlobalSection
	GlobalSection(SolutionProperties) = preSolution
		HideSolutionNode = FALSE
	EndGlobalSection
	GlobalSection(ExtensibilityGlobals) = postSolution
		SolutionGuid = {69AD5C38-CFA2-4DBA-B292-944CF5C4DA00}
	EndGlobalSection
EndGlobal
