
Microsoft Visual Studio Solution File, Format Version 12.00
# Visual Studio Version 17
VisualStudioVersion = 17.4.33110.190
MinimumVisualStudioVersion = 10.0.40219.1
Project("{FAE04EC0-301F-11D3-BF4B-00C04F79EFBC}") = "multth", "multth\multth.csproj", "{C9D03315-1DDB-4ED4-A28C-FDBA249F1E44}"
EndProject
Global
	GlobalSection(SolutionConfigurationPlatforms) = preSolution
		Debug|Any CPU = Debug|Any CPU
		Release|Any CPU = Release|Any CPU
	EndGlobalSection
	GlobalSection(ProjectConfigurationPlatforms) = postSolution
		{C9D03315-1DDB-4ED4-A28C-FDBA249F1E44}.Debug|Any CPU.ActiveCfg = Debug|Any CPU
		{C9D03315-1DDB-4ED4-A28C-FDBA249F1E44}.Debug|Any CPU.Build.0 = Debug|Any CPU
		{C9D03315-1DDB-4ED4-A28C-FDBA249F1E44}.Release|Any CPU.ActiveCfg = Release|Any CPU
		{C9D03315-1DDB-4ED4-A28C-FDBA249F1E44}.Release|Any CPU.Build.0 = Release|Any CPU
	EndGlobalSection
	GlobalSection(SolutionProperties) = preSolution
		HideSolutionNode = FALSE
	EndGlobalSection
	GlobalSection(ExtensibilityGlobals) = postSolution
		SolutionGuid = {81BC8DA3-F949-418C-9F16-A83309DA5A43}
	EndGlobalSection
EndGlobal
