
Microsoft Visual Studio Solution File, Format Version 12.00
# Visual Studio Version 17
VisualStudioVersion = 17.4.33205.214
MinimumVisualStudioVersion = 10.0.40219.1
Project("{FAE04EC0-301F-11D3-BF4B-00C04F79EFBC}") = "WebApplication8", "WebApplication8\WebApplication8.csproj", "{FC469C3F-EF3A-47A4-9A40-58471F9755E6}"
EndProject
Global
	GlobalSection(SolutionConfigurationPlatforms) = preSolution
		Debug|Any CPU = Debug|Any CPU
		Release|Any CPU = Release|Any CPU
	EndGlobalSection
	GlobalSection(ProjectConfigurationPlatforms) = postSolution
		{FC469C3F-EF3A-47A4-9A40-58471F9755E6}.Debug|Any CPU.ActiveCfg = Debug|Any CPU
		{FC469C3F-EF3A-47A4-9A40-58471F9755E6}.Debug|Any CPU.Build.0 = Debug|Any CPU
		{FC469C3F-EF3A-47A4-9A40-58471F9755E6}.Release|Any CPU.ActiveCfg = Release|Any CPU
		{FC469C3F-EF3A-47A4-9A40-58471F9755E6}.Release|Any CPU.Build.0 = Release|Any CPU
	EndGlobalSection
	GlobalSection(SolutionProperties) = preSolution
		HideSolutionNode = FALSE
	EndGlobalSection
	GlobalSection(ExtensibilityGlobals) = postSolution
		SolutionGuid = {A3FBBC64-DD28-48FF-84C8-B3D3BB6CDDE0}
	EndGlobalSection
EndGlobal
