
Microsoft Visual Studio Solution File, Format Version 12.00
# Visual Studio Version 17
VisualStudioVersion = 17.4.33110.190
MinimumVisualStudioVersion = 10.0.40219.1
Project("{FAE04EC0-301F-11D3-BF4B-00C04F79EFBC}") = "2d arr", "2d arr\2d arr.csproj", "{4908E202-FD6B-48E7-98A4-2394BD625201}"
EndProject
Global
	GlobalSection(SolutionConfigurationPlatforms) = preSolution
		Debug|Any CPU = Debug|Any CPU
		Release|Any CPU = Release|Any CPU
	EndGlobalSection
	GlobalSection(ProjectConfigurationPlatforms) = postSolution
		{4908E202-FD6B-48E7-98A4-2394BD625201}.Debug|Any CPU.ActiveCfg = Debug|Any CPU
		{4908E202-FD6B-48E7-98A4-2394BD625201}.Debug|Any CPU.Build.0 = Debug|Any CPU
		{4908E202-FD6B-48E7-98A4-2394BD625201}.Release|Any CPU.ActiveCfg = Release|Any CPU
		{4908E202-FD6B-48E7-98A4-2394BD625201}.Release|Any CPU.Build.0 = Release|Any CPU
	EndGlobalSection
	GlobalSection(SolutionProperties) = preSolution
		HideSolutionNode = FALSE
	EndGlobalSection
	GlobalSection(ExtensibilityGlobals) = postSolution
		SolutionGuid = {EB0B2742-ADBC-4047-8388-E4E0CF3A54AA}
	EndGlobalSection
EndGlobal
