
Microsoft Visual Studio Solution File, Format Version 12.00
# Visual Studio Version 16
VisualStudioVersion = 16.0.33214.272
MinimumVisualStudioVersion = 10.0.40219.1
Project("{FAE04EC0-301F-11D3-BF4B-00C04F79EFBC}") = "slip3.2", "slip3.2\slip3.2.csproj", "{AA5968FE-6DD7-4D40-BED0-FDB50F611268}"
EndProject
Global
	GlobalSection(SolutionConfigurationPlatforms) = preSolution
		Debug|Any CPU = Debug|Any CPU
		Release|Any CPU = Release|Any CPU
	EndGlobalSection
	GlobalSection(ProjectConfigurationPlatforms) = postSolution
		{AA5968FE-6DD7-4D40-BED0-FDB50F611268}.Debug|Any CPU.ActiveCfg = Debug|Any CPU
		{AA5968FE-6DD7-4D40-BED0-FDB50F611268}.Debug|Any CPU.Build.0 = Debug|Any CPU
		{AA5968FE-6DD7-4D40-BED0-FDB50F611268}.Release|Any CPU.ActiveCfg = Release|Any CPU
		{AA5968FE-6DD7-4D40-BED0-FDB50F611268}.Release|Any CPU.Build.0 = Release|Any CPU
	EndGlobalSection
	GlobalSection(SolutionProperties) = preSolution
		HideSolutionNode = FALSE
	EndGlobalSection
	GlobalSection(ExtensibilityGlobals) = postSolution
		SolutionGuid = {9317E955-BB5E-48EC-8FD1-2B372D5759BD}
	EndGlobalSection
EndGlobal
