
Microsoft Visual Studio Solution File, Format Version 12.00
# Visual Studio Version 16
VisualStudioVersion = 16.0.33130.400
MinimumVisualStudioVersion = 10.0.40219.1
Project("{FAE04EC0-301F-11D3-BF4B-00C04F79EFBC}") = "master_page", "master_page\master_page.csproj", "{B6F132E3-D244-4DA5-8765-9C0C307556D8}"
EndProject
Global
	GlobalSection(SolutionConfigurationPlatforms) = preSolution
		Debug|Any CPU = Debug|Any CPU
		Release|Any CPU = Release|Any CPU
	EndGlobalSection
	GlobalSection(ProjectConfigurationPlatforms) = postSolution
		{B6F132E3-D244-4DA5-8765-9C0C307556D8}.Debug|Any CPU.ActiveCfg = Debug|Any CPU
		{B6F132E3-D244-4DA5-8765-9C0C307556D8}.Debug|Any CPU.Build.0 = Debug|Any CPU
		{B6F132E3-D244-4DA5-8765-9C0C307556D8}.Release|Any CPU.ActiveCfg = Release|Any CPU
		{B6F132E3-D244-4DA5-8765-9C0C307556D8}.Release|Any CPU.Build.0 = Release|Any CPU
	EndGlobalSection
	GlobalSection(SolutionProperties) = preSolution
		HideSolutionNode = FALSE
	EndGlobalSection
	GlobalSection(ExtensibilityGlobals) = postSolution
		SolutionGuid = {6C2B839D-30D9-401D-B5C0-C0E666BAF95B}
	EndGlobalSection
EndGlobal
