
Microsoft Visual Studio Solution File, Format Version 12.00
# Visual Studio Version 17
VisualStudioVersion = 17.4.33110.190
MinimumVisualStudioVersion = 10.0.40219.1
Project("{FAE04EC0-301F-11D3-BF4B-00C04F79EFBC}") = "collection_all", "collection_all\collection_all.csproj", "{0811CB68-FF18-4DE8-8BD8-D5E45D539998}"
EndProject
Global
	GlobalSection(SolutionConfigurationPlatforms) = preSolution
		Debug|Any CPU = Debug|Any CPU
		Release|Any CPU = Release|Any CPU
	EndGlobalSection
	GlobalSection(ProjectConfigurationPlatforms) = postSolution
		{0811CB68-FF18-4DE8-8BD8-D5E45D539998}.Debug|Any CPU.ActiveCfg = Debug|Any CPU
		{0811CB68-FF18-4DE8-8BD8-D5E45D539998}.Debug|Any CPU.Build.0 = Debug|Any CPU
		{0811CB68-FF18-4DE8-8BD8-D5E45D539998}.Release|Any CPU.ActiveCfg = Release|Any CPU
		{0811CB68-FF18-4DE8-8BD8-D5E45D539998}.Release|Any CPU.Build.0 = Release|Any CPU
	EndGlobalSection
	GlobalSection(SolutionProperties) = preSolution
		HideSolutionNode = FALSE
	EndGlobalSection
	GlobalSection(ExtensibilityGlobals) = postSolution
		SolutionGuid = {D72F9326-C564-42C7-9D86-493D81066058}
	EndGlobalSection
EndGlobal
