
Microsoft Visual Studio Solution File, Format Version 12.00
# Visual Studio Version 16
VisualStudioVersion = 16.0.33214.272
MinimumVisualStudioVersion = 10.0.40219.1
Project("{FAE04EC0-301F-11D3-BF4B-00C04F79EFBC}") = "databse_insert", "databse_insert\databse_insert.csproj", "{2AE7316B-827B-4CF8-A390-44A525447EFC}"
EndProject
Global
	GlobalSection(SolutionConfigurationPlatforms) = preSolution
		Debug|Any CPU = Debug|Any CPU
		Release|Any CPU = Release|Any CPU
	EndGlobalSection
	GlobalSection(ProjectConfigurationPlatforms) = postSolution
		{2AE7316B-827B-4CF8-A390-44A525447EFC}.Debug|Any CPU.ActiveCfg = Debug|Any CPU
		{2AE7316B-827B-4CF8-A390-44A525447EFC}.Debug|Any CPU.Build.0 = Debug|Any CPU
		{2AE7316B-827B-4CF8-A390-44A525447EFC}.Release|Any CPU.ActiveCfg = Release|Any CPU
		{2AE7316B-827B-4CF8-A390-44A525447EFC}.Release|Any CPU.Build.0 = Release|Any CPU
	EndGlobalSection
	GlobalSection(SolutionProperties) = preSolution
		HideSolutionNode = FALSE
	EndGlobalSection
	GlobalSection(ExtensibilityGlobals) = postSolution
		SolutionGuid = {6D2E952B-8EB2-4028-9BB5-2A46CC9545AE}
	EndGlobalSection
EndGlobal
