
Microsoft Visual Studio Solution File, Format Version 12.00
# Visual Studio Version 17
VisualStudioVersion = 17.4.33110.190
MinimumVisualStudioVersion = 10.0.40219.1
Project("{FAE04EC0-301F-11D3-BF4B-00C04F79EFBC}") = "user_getvalue", "user_getvalue\user_getvalue.csproj", "{03B49FF3-9839-42BB-9C5D-A2E0521ED46A}"
EndProject
Global
	GlobalSection(SolutionConfigurationPlatforms) = preSolution
		Debug|Any CPU = Debug|Any CPU
		Release|Any CPU = Release|Any CPU
	EndGlobalSection
	GlobalSection(ProjectConfigurationPlatforms) = postSolution
		{03B49FF3-9839-42BB-9C5D-A2E0521ED46A}.Debug|Any CPU.ActiveCfg = Debug|Any CPU
		{03B49FF3-9839-42BB-9C5D-A2E0521ED46A}.Debug|Any CPU.Build.0 = Debug|Any CPU
		{03B49FF3-9839-42BB-9C5D-A2E0521ED46A}.Release|Any CPU.ActiveCfg = Release|Any CPU
		{03B49FF3-9839-42BB-9C5D-A2E0521ED46A}.Release|Any CPU.Build.0 = Release|Any CPU
	EndGlobalSection
	GlobalSection(SolutionProperties) = preSolution
		HideSolutionNode = FALSE
	EndGlobalSection
	GlobalSection(ExtensibilityGlobals) = postSolution
		SolutionGuid = {D49CCC5D-C5B4-42E0-9D03-ED6C1A22BD16}
	EndGlobalSection
EndGlobal
