
Microsoft Visual Studio Solution File, Format Version 12.00
# Visual Studio Version 17
VisualStudioVersion = 17.4.33110.190
MinimumVisualStudioVersion = 10.0.40219.1
Project("{FAE04EC0-301F-11D3-BF4B-00C04F79EFBC}") = "interface5", "interface5\interface5.csproj", "{867CE6D3-1283-48AF-AE4E-1A27C8CE3719}"
EndProject
Global
	GlobalSection(SolutionConfigurationPlatforms) = preSolution
		Debug|Any CPU = Debug|Any CPU
		Release|Any CPU = Release|Any CPU
	EndGlobalSection
	GlobalSection(ProjectConfigurationPlatforms) = postSolution
		{867CE6D3-1283-48AF-AE4E-1A27C8CE3719}.Debug|Any CPU.ActiveCfg = Debug|Any CPU
		{867CE6D3-1283-48AF-AE4E-1A27C8CE3719}.Debug|Any CPU.Build.0 = Debug|Any CPU
		{867CE6D3-1283-48AF-AE4E-1A27C8CE3719}.Release|Any CPU.ActiveCfg = Release|Any CPU
		{867CE6D3-1283-48AF-AE4E-1A27C8CE3719}.Release|Any CPU.Build.0 = Release|Any CPU
	EndGlobalSection
	GlobalSection(SolutionProperties) = preSolution
		HideSolutionNode = FALSE
	EndGlobalSection
	GlobalSection(ExtensibilityGlobals) = postSolution
		SolutionGuid = {2A958E9D-7886-44CF-99B0-77B4C067BD64}
	EndGlobalSection
EndGlobal
