
Microsoft Visual Studio Solution File, Format Version 12.00
# Visual Studio Version 16
VisualStudioVersion = 16.0.33130.400
MinimumVisualStudioVersion = 10.0.40219.1
Project("{FAE04EC0-301F-11D3-BF4B-00C04F79EFBC}") = "database_connectivity", "database_connectivity\database_connectivity.csproj", "{08C8837D-C123-49D4-A959-A76BAFD7E0C3}"
EndProject
Global
	GlobalSection(SolutionConfigurationPlatforms) = preSolution
		Debug|Any CPU = Debug|Any CPU
		Release|Any CPU = Release|Any CPU
	EndGlobalSection
	GlobalSection(ProjectConfigurationPlatforms) = postSolution
		{08C8837D-C123-49D4-A959-A76BAFD7E0C3}.Debug|Any CPU.ActiveCfg = Debug|Any CPU
		{08C8837D-C123-49D4-A959-A76BAFD7E0C3}.Debug|Any CPU.Build.0 = Debug|Any CPU
		{08C8837D-C123-49D4-A959-A76BAFD7E0C3}.Release|Any CPU.ActiveCfg = Release|Any CPU
		{08C8837D-C123-49D4-A959-A76BAFD7E0C3}.Release|Any CPU.Build.0 = Release|Any CPU
	EndGlobalSection
	GlobalSection(SolutionProperties) = preSolution
		HideSolutionNode = FALSE
	EndGlobalSection
	GlobalSection(ExtensibilityGlobals) = postSolution
		SolutionGuid = {4CBB11E9-72BD-4042-B967-140234BB1DBA}
	EndGlobalSection
EndGlobal
