
Microsoft Visual Studio Solution File, Format Version 12.00
# Visual Studio Version 17
VisualStudioVersion = 17.4.33110.190
MinimumVisualStudioVersion = 10.0.40219.1
Project("{FAE04EC0-301F-11D3-BF4B-00C04F79EFBC}") = "private_constructor", "private_constructor\private_constructor.csproj", "{0AB4B1D0-7FBD-4D30-A673-156FC730815B}"
EndProject
Global
	GlobalSection(SolutionConfigurationPlatforms) = preSolution
		Debug|Any CPU = Debug|Any CPU
		Release|Any CPU = Release|Any CPU
	EndGlobalSection
	GlobalSection(ProjectConfigurationPlatforms) = postSolution
		{0AB4B1D0-7FBD-4D30-A673-156FC730815B}.Debug|Any CPU.ActiveCfg = Debug|Any CPU
		{0AB4B1D0-7FBD-4D30-A673-156FC730815B}.Debug|Any CPU.Build.0 = Debug|Any CPU
		{0AB4B1D0-7FBD-4D30-A673-156FC730815B}.Release|Any CPU.ActiveCfg = Release|Any CPU
		{0AB4B1D0-7FBD-4D30-A673-156FC730815B}.Release|Any CPU.Build.0 = Release|Any CPU
	EndGlobalSection
	GlobalSection(SolutionProperties) = preSolution
		HideSolutionNode = FALSE
	EndGlobalSection
	GlobalSection(ExtensibilityGlobals) = postSolution
		SolutionGuid = {0CB0A5D9-C3C5-41C7-AB4B-245EA4C8A922}
	EndGlobalSection
EndGlobal
