
Microsoft Visual Studio Solution File, Format Version 12.00
# Visual Studio Version 17
VisualStudioVersion = 17.4.33110.190
MinimumVisualStudioVersion = 10.0.40219.1
Project("{FAE04EC0-301F-11D3-BF4B-00C04F79EFBC}") = "ConsoleApp16", "ConsoleApp16\ConsoleApp16.csproj", "{5377DB18-66B5-4387-9458-EE206F1433B8}"
EndProject
Global
	GlobalSection(SolutionConfigurationPlatforms) = preSolution
		Debug|Any CPU = Debug|Any CPU
		Release|Any CPU = Release|Any CPU
	EndGlobalSection
	GlobalSection(ProjectConfigurationPlatforms) = postSolution
		{5377DB18-66B5-4387-9458-EE206F1433B8}.Debug|Any CPU.ActiveCfg = Debug|Any CPU
		{5377DB18-66B5-4387-9458-EE206F1433B8}.Debug|Any CPU.Build.0 = Debug|Any CPU
		{5377DB18-66B5-4387-9458-EE206F1433B8}.Release|Any CPU.ActiveCfg = Release|Any CPU
		{5377DB18-66B5-4387-9458-EE206F1433B8}.Release|Any CPU.Build.0 = Release|Any CPU
	EndGlobalSection
	GlobalSection(SolutionProperties) = preSolution
		HideSolutionNode = FALSE
	EndGlobalSection
	GlobalSection(ExtensibilityGlobals) = postSolution
		SolutionGuid = {0F69D1BE-2F5A-4540-A2D6-70A435E1FAEB}
	EndGlobalSection
EndGlobal
