
Microsoft Visual Studio Solution File, Format Version 12.00
# Visual Studio Version 17
VisualStudioVersion = 17.4.33205.214
MinimumVisualStudioVersion = 10.0.40219.1
Project("{FAE04EC0-301F-11D3-BF4B-00C04F79EFBC}") = "WebApplication9", "WebApplication9\WebApplication9.csproj", "{683A5265-7F8B-4FD1-BD9F-303C57C3A31C}"
EndProject
Global
	GlobalSection(SolutionConfigurationPlatforms) = preSolution
		Debug|Any CPU = Debug|Any CPU
		Release|Any CPU = Release|Any CPU
	EndGlobalSection
	GlobalSection(ProjectConfigurationPlatforms) = postSolution
		{683A5265-7F8B-4FD1-BD9F-303C57C3A31C}.Debug|Any CPU.ActiveCfg = Debug|Any CPU
		{683A5265-7F8B-4FD1-BD9F-303C57C3A31C}.Debug|Any CPU.Build.0 = Debug|Any CPU
		{683A5265-7F8B-4FD1-BD9F-303C57C3A31C}.Release|Any CPU.ActiveCfg = Release|Any CPU
		{683A5265-7F8B-4FD1-BD9F-303C57C3A31C}.Release|Any CPU.Build.0 = Release|Any CPU
	EndGlobalSection
	GlobalSection(SolutionProperties) = preSolution
		HideSolutionNode = FALSE
	EndGlobalSection
	GlobalSection(ExtensibilityGlobals) = postSolution
		SolutionGuid = {20E2C622-EDF4-487C-B01B-EB54AEED4059}
	EndGlobalSection
EndGlobal
