
Microsoft Visual Studio Solution File, Format Version 12.00
# Visual Studio Version 16
VisualStudioVersion = 16.0.33130.400
MinimumVisualStudioVersion = 10.0.40219.1
Project("{FAE04EC0-301F-11D3-BF4B-00C04F79EFBC}") = "website", "website\website.csproj", "{2C2C3117-A37A-4A9E-B6F2-3E84815C70D2}"
EndProject
Global
	GlobalSection(SolutionConfigurationPlatforms) = preSolution
		Debug|Any CPU = Debug|Any CPU
		Release|Any CPU = Release|Any CPU
	EndGlobalSection
	GlobalSection(ProjectConfigurationPlatforms) = postSolution
		{2C2C3117-A37A-4A9E-B6F2-3E84815C70D2}.Debug|Any CPU.ActiveCfg = Debug|Any CPU
		{2C2C3117-A37A-4A9E-B6F2-3E84815C70D2}.Debug|Any CPU.Build.0 = Debug|Any CPU
		{2C2C3117-A37A-4A9E-B6F2-3E84815C70D2}.Release|Any CPU.ActiveCfg = Release|Any CPU
		{2C2C3117-A37A-4A9E-B6F2-3E84815C70D2}.Release|Any CPU.Build.0 = Release|Any CPU
	EndGlobalSection
	GlobalSection(SolutionProperties) = preSolution
		HideSolutionNode = FALSE
	EndGlobalSection
	GlobalSection(ExtensibilityGlobals) = postSolution
		SolutionGuid = {30857020-697F-4892-B762-39B3B4838E48}
	EndGlobalSection
EndGlobal
