
Microsoft Visual Studio Solution File, Format Version 12.00
# Visual Studio Version 17
VisualStudioVersion = 17.4.33110.190
MinimumVisualStudioVersion = 10.0.40219.1
Project("{FAE04EC0-301F-11D3-BF4B-00C04F79EFBC}") = "practice_generic", "practice_generic\practice_generic.csproj", "{4E020B58-386F-4529-B5A9-29E2F1583F8E}"
EndProject
Global
	GlobalSection(SolutionConfigurationPlatforms) = preSolution
		Debug|Any CPU = Debug|Any CPU
		Release|Any CPU = Release|Any CPU
	EndGlobalSection
	GlobalSection(ProjectConfigurationPlatforms) = postSolution
		{4E020B58-386F-4529-B5A9-29E2F1583F8E}.Debug|Any CPU.ActiveCfg = Debug|Any CPU
		{4E020B58-386F-4529-B5A9-29E2F1583F8E}.Debug|Any CPU.Build.0 = Debug|Any CPU
		{4E020B58-386F-4529-B5A9-29E2F1583F8E}.Release|Any CPU.ActiveCfg = Release|Any CPU
		{4E020B58-386F-4529-B5A9-29E2F1583F8E}.Release|Any CPU.Build.0 = Release|Any CPU
	EndGlobalSection
	GlobalSection(SolutionProperties) = preSolution
		HideSolutionNode = FALSE
	EndGlobalSection
	GlobalSection(ExtensibilityGlobals) = postSolution
		SolutionGuid = {6EBC82AA-902B-4358-ADDB-8EDF9721C509}
	EndGlobalSection
EndGlobal
