
Microsoft Visual Studio Solution File, Format Version 12.00
# Visual Studio Version 17
VisualStudioVersion = 17.4.33110.190
MinimumVisualStudioVersion = 10.0.40219.1
Project("{FAE04EC0-301F-11D3-BF4B-00C04F79EFBC}") = "practice_inheritance", "practice_inheritance\practice_inheritance.csproj", "{B328787D-A53C-4E82-9B44-732D3BF4775E}"
EndProject
Global
	GlobalSection(SolutionConfigurationPlatforms) = preSolution
		Debug|Any CPU = Debug|Any CPU
		Release|Any CPU = Release|Any CPU
	EndGlobalSection
	GlobalSection(ProjectConfigurationPlatforms) = postSolution
		{B328787D-A53C-4E82-9B44-732D3BF4775E}.Debug|Any CPU.ActiveCfg = Debug|Any CPU
		{B328787D-A53C-4E82-9B44-732D3BF4775E}.Debug|Any CPU.Build.0 = Debug|Any CPU
		{B328787D-A53C-4E82-9B44-732D3BF4775E}.Release|Any CPU.ActiveCfg = Release|Any CPU
		{B328787D-A53C-4E82-9B44-732D3BF4775E}.Release|Any CPU.Build.0 = Release|Any CPU
	EndGlobalSection
	GlobalSection(SolutionProperties) = preSolution
		HideSolutionNode = FALSE
	EndGlobalSection
	GlobalSection(ExtensibilityGlobals) = postSolution
		SolutionGuid = {FE9049B9-36ED-4B2F-B801-7979CFBA0504}
	EndGlobalSection
EndGlobal
