
Microsoft Visual Studio Solution File, Format Version 12.00
# Visual Studio Version 16
VisualStudioVersion = 16.0.33130.400
MinimumVisualStudioVersion = 10.0.40219.1
Project("{FAE04EC0-301F-11D3-BF4B-00C04F79EFBC}") = "session_add", "session_add\session_add.csproj", "{0B8C0CA9-DAF9-48DE-8F71-7C1F1151F815}"
EndProject
Global
	GlobalSection(SolutionConfigurationPlatforms) = preSolution
		Debug|Any CPU = Debug|Any CPU
		Release|Any CPU = Release|Any CPU
	EndGlobalSection
	GlobalSection(ProjectConfigurationPlatforms) = postSolution
		{0B8C0CA9-DAF9-48DE-8F71-7C1F1151F815}.Debug|Any CPU.ActiveCfg = Debug|Any CPU
		{0B8C0CA9-DAF9-48DE-8F71-7C1F1151F815}.Debug|Any CPU.Build.0 = Debug|Any CPU
		{0B8C0CA9-DAF9-48DE-8F71-7C1F1151F815}.Release|Any CPU.ActiveCfg = Release|Any CPU
		{0B8C0CA9-DAF9-48DE-8F71-7C1F1151F815}.Release|Any CPU.Build.0 = Release|Any CPU
	EndGlobalSection
	GlobalSection(SolutionProperties) = preSolution
		HideSolutionNode = FALSE
	EndGlobalSection
	GlobalSection(ExtensibilityGlobals) = postSolution
		SolutionGuid = {BDF6887B-287C-4EDE-9E96-71A08F824521}
	EndGlobalSection
EndGlobal
