
Microsoft Visual Studio Solution File, Format Version 12.00
# Visual Studio Version 16
VisualStudioVersion = 16.0.33130.400
MinimumVisualStudioVersion = 10.0.40219.1
Project("{FAE04EC0-301F-11D3-BF4B-00C04F79EFBC}") = "WebApplication20", "WebApplication20\WebApplication20.csproj", "{227A9EAC-5C67-47A2-9218-E6E8558D9226}"
EndProject
Global
	GlobalSection(SolutionConfigurationPlatforms) = preSolution
		Debug|Any CPU = Debug|Any CPU
		Release|Any CPU = Release|Any CPU
	EndGlobalSection
	GlobalSection(ProjectConfigurationPlatforms) = postSolution
		{227A9EAC-5C67-47A2-9218-E6E8558D9226}.Debug|Any CPU.ActiveCfg = Debug|Any CPU
		{227A9EAC-5C67-47A2-9218-E6E8558D9226}.Debug|Any CPU.Build.0 = Debug|Any CPU
		{227A9EAC-5C67-47A2-9218-E6E8558D9226}.Release|Any CPU.ActiveCfg = Release|Any CPU
		{227A9EAC-5C67-47A2-9218-E6E8558D9226}.Release|Any CPU.Build.0 = Release|Any CPU
	EndGlobalSection
	GlobalSection(SolutionProperties) = preSolution
		HideSolutionNode = FALSE
	EndGlobalSection
	GlobalSection(ExtensibilityGlobals) = postSolution
		SolutionGuid = {66569055-E9E5-4687-8F32-0FB16C63CF23}
	EndGlobalSection
EndGlobal
